
Microsoft Visual Studio Solution File, Format Version 12.00
# Visual Studio 14
VisualStudioVersion = 14.0.25420.1
MinimumVisualStudioVersion = 10.0.40219.1
Project("{FAE04EC0-301F-11D3-BF4B-00C04F79EFBC}") = "IoTDriver", "IoTDriver\IoTDriver\IoTDriver.csproj", "{AF132BB5-DABE-4652-B5C2-D53DBB41064F}"
EndProject
Project("{FAE04EC0-301F-11D3-BF4B-00C04F79EFBC}") = "IoTDriver.Droid", "IoTDriver\IoTDriver.Droid\IoTDriver.Droid.csproj", "{BCECDA57-45F4-4DBC-A618-89F13414F42B}"
EndProject
Project("{FAE04EC0-301F-11D3-BF4B-00C04F79EFBC}") = "IoTDriver.iOS", "IoTDriver\IoTDriver.iOS\IoTDriver.iOS.csproj", "{5EB8800A-1C98-4839-80C6-5D763D4D4A7D}"
EndProject
Project("{FAE04EC0-301F-11D3-BF4B-00C04F79EFBC}") = "IoTDriver.WinPhone", "IoTDriver\IoTDriver.WinPhone\IoTDriver.WinPhone.csproj", "{24E7B8F3-B10E-4449-A6E4-E0B2FEC40418}"
EndProject
Project("{FAE04EC0-301F-11D3-BF4B-00C04F79EFBC}") = "IoTDriver.UWP", "IoTDriver\IoTDriver.UWP\IoTDriver.UWP.csproj", "{88964F5E-3734-4879-82C7-A7A28A9E9256}"
EndProject
Project("{FAE04EC0-301F-11D3-BF4B-00C04F79EFBC}") = "IoTDriver.Windows", "IoTDriver\IoTDriver.Windows\IoTDriver.Windows.csproj", "{B569A170-ECC5-420F-85D8-F6039285FCA8}"
EndProject
Global
	GlobalSection(SolutionConfigurationPlatforms) = preSolution
		Ad-Hoc|Any CPU = Ad-Hoc|Any CPU
		Ad-Hoc|ARM = Ad-Hoc|ARM
		Ad-Hoc|iPhone = Ad-Hoc|iPhone
		Ad-Hoc|iPhoneSimulator = Ad-Hoc|iPhoneSimulator
		Ad-Hoc|x64 = Ad-Hoc|x64
		Ad-Hoc|x86 = Ad-Hoc|x86
		AppStore|Any CPU = AppStore|Any CPU
		AppStore|ARM = AppStore|ARM
		AppStore|iPhone = AppStore|iPhone
		AppStore|iPhoneSimulator = AppStore|iPhoneSimulator
		AppStore|x64 = AppStore|x64
		AppStore|x86 = AppStore|x86
		Debug|Any CPU = Debug|Any CPU
		Debug|ARM = Debug|ARM
		Debug|iPhone = Debug|iPhone
		Debug|iPhoneSimulator = Debug|iPhoneSimulator
		Debug|x64 = Debug|x64
		Debug|x86 = Debug|x86
		Release|Any CPU = Release|Any CPU
		Release|ARM = Release|ARM
		Release|iPhone = Release|iPhone
		Release|iPhoneSimulator = Release|iPhoneSimulator
		Release|x64 = Release|x64
		Release|x86 = Release|x86
	EndGlobalSection
	GlobalSection(ProjectConfigurationPlatforms) = postSolution
		{AF132BB5-DABE-4652-B5C2-D53DBB41064F}.Ad-Hoc|Any CPU.ActiveCfg = Release|Any CPU
		{AF132BB5-DABE-4652-B5C2-D53DBB41064F}.Ad-Hoc|Any CPU.Build.0 = Release|Any CPU
		{AF132BB5-DABE-4652-B5C2-D53DBB41064F}.Ad-Hoc|ARM.ActiveCfg = Release|Any CPU
		{AF132BB5-DABE-4652-B5C2-D53DBB41064F}.Ad-Hoc|ARM.Build.0 = Release|Any CPU
		{AF132BB5-DABE-4652-B5C2-D53DBB41064F}.Ad-Hoc|iPhone.ActiveCfg = Release|Any CPU
		{AF132BB5-DABE-4652-B5C2-D53DBB41064F}.Ad-Hoc|iPhone.Build.0 = Release|Any CPU
		{AF132BB5-DABE-4652-B5C2-D53DBB41064F}.Ad-Hoc|iPhoneSimulator.ActiveCfg = Release|Any CPU
		{AF132BB5-DABE-4652-B5C2-D53DBB41064F}.Ad-Hoc|iPhoneSimulator.Build.0 = Release|Any CPU
		{AF132BB5-DABE-4652-B5C2-D53DBB41064F}.Ad-Hoc|x64.ActiveCfg = Release|Any CPU
		{AF132BB5-DABE-4652-B5C2-D53DBB41064F}.Ad-Hoc|x64.Build.0 = Release|Any CPU
		{AF132BB5-DABE-4652-B5C2-D53DBB41064F}.Ad-Hoc|x86.ActiveCfg = Release|Any CPU
		{AF132BB5-DABE-4652-B5C2-D53DBB41064F}.Ad-Hoc|x86.Build.0 = Release|Any CPU
		{AF132BB5-DABE-4652-B5C2-D53DBB41064F}.AppStore|Any CPU.ActiveCfg = Release|Any CPU
		{AF132BB5-DABE-4652-B5C2-D53DBB41064F}.AppStore|Any CPU.Build.0 = Release|Any CPU
		{AF132BB5-DABE-4652-B5C2-D53DBB41064F}.AppStore|ARM.ActiveCfg = Release|Any CPU
		{AF132BB5-DABE-4652-B5C2-D53DBB41064F}.AppStore|ARM.Build.0 = Release|Any CPU
		{AF132BB5-DABE-4652-B5C2-D53DBB41064F}.AppStore|iPhone.ActiveCfg = Release|Any CPU
		{AF132BB5-DABE-4652-B5C2-D53DBB41064F}.AppStore|iPhone.Build.0 = Release|Any CPU
		{AF132BB5-DABE-4652-B5C2-D53DBB41064F}.AppStore|iPhoneSimulator.ActiveCfg = Release|Any CPU
		{AF132BB5-DABE-4652-B5C2-D53DBB41064F}.AppStore|iPhoneSimulator.Build.0 = Release|Any CPU
		{AF132BB5-DABE-4652-B5C2-D53DBB41064F}.AppStore|x64.ActiveCfg = Release|Any CPU
		{AF132BB5-DABE-4652-B5C2-D53DBB41064F}.AppStore|x64.Build.0 = Release|Any CPU
		{AF132BB5-DABE-4652-B5C2-D53DBB41064F}.AppStore|x86.ActiveCfg = Release|Any CPU
		{AF132BB5-DABE-4652-B5C2-D53DBB41064F}.AppStore|x86.Build.0 = Release|Any CPU
		{AF132BB5-DABE-4652-B5C2-D53DBB41064F}.Debug|Any CPU.ActiveCfg = Debug|Any CPU
		{AF132BB5-DABE-4652-B5C2-D53DBB41064F}.Debug|Any CPU.Build.0 = Debug|Any CPU
		{AF132BB5-DABE-4652-B5C2-D53DBB41064F}.Debug|ARM.ActiveCfg = Debug|Any CPU
		{AF132BB5-DABE-4652-B5C2-D53DBB41064F}.Debug|ARM.Build.0 = Debug|Any CPU
		{AF132BB5-DABE-4652-B5C2-D53DBB41064F}.Debug|iPhone.ActiveCfg = Debug|Any CPU
		{AF132BB5-DABE-4652-B5C2-D53DBB41064F}.Debug|iPhone.Build.0 = Debug|Any CPU
		{AF132BB5-DABE-4652-B5C2-D53DBB41064F}.Debug|iPhoneSimulator.ActiveCfg = Debug|Any CPU
		{AF132BB5-DABE-4652-B5C2-D53DBB41064F}.Debug|iPhoneSimulator.Build.0 = Debug|Any CPU
		{AF132BB5-DABE-4652-B5C2-D53DBB41064F}.Debug|x64.ActiveCfg = Debug|Any CPU
		{AF132BB5-DABE-4652-B5C2-D53DBB41064F}.Debug|x64.Build.0 = Debug|Any CPU
		{AF132BB5-DABE-4652-B5C2-D53DBB41064F}.Debug|x86.ActiveCfg = Debug|Any CPU
		{AF132BB5-DABE-4652-B5C2-D53DBB41064F}.Debug|x86.Build.0 = Debug|Any CPU
		{AF132BB5-DABE-4652-B5C2-D53DBB41064F}.Release|Any CPU.ActiveCfg = Release|Any CPU
		{AF132BB5-DABE-4652-B5C2-D53DBB41064F}.Release|Any CPU.Build.0 = Release|Any CPU
		{AF132BB5-DABE-4652-B5C2-D53DBB41064F}.Release|ARM.ActiveCfg = Release|Any CPU
		{AF132BB5-DABE-4652-B5C2-D53DBB41064F}.Release|ARM.Build.0 = Release|Any CPU
		{AF132BB5-DABE-4652-B5C2-D53DBB41064F}.Release|iPhone.ActiveCfg = Release|Any CPU
		{AF132BB5-DABE-4652-B5C2-D53DBB41064F}.Release|iPhone.Build.0 = Release|Any CPU
		{AF132BB5-DABE-4652-B5C2-D53DBB41064F}.Release|iPhoneSimulator.ActiveCfg = Release|Any CPU
		{AF132BB5-DABE-4652-B5C2-D53DBB41064F}.Release|iPhoneSimulator.Build.0 = Release|Any CPU
		{AF132BB5-DABE-4652-B5C2-D53DBB41064F}.Release|x64.ActiveCfg = Release|Any CPU
		{AF132BB5-DABE-4652-B5C2-D53DBB41064F}.Release|x64.Build.0 = Release|Any CPU
		{AF132BB5-DABE-4652-B5C2-D53DBB41064F}.Release|x86.ActiveCfg = Release|Any CPU
		{AF132BB5-DABE-4652-B5C2-D53DBB41064F}.Release|x86.Build.0 = Release|Any CPU
		{BCECDA57-45F4-4DBC-A618-89F13414F42B}.Ad-Hoc|Any CPU.ActiveCfg = Release|Any CPU
		{BCECDA57-45F4-4DBC-A618-89F13414F42B}.Ad-Hoc|Any CPU.Build.0 = Release|Any CPU
		{BCECDA57-45F4-4DBC-A618-89F13414F42B}.Ad-Hoc|Any CPU.Deploy.0 = Release|Any CPU
		{BCECDA57-45F4-4DBC-A618-89F13414F42B}.Ad-Hoc|ARM.ActiveCfg = Release|Any CPU
		{BCECDA57-45F4-4DBC-A618-89F13414F42B}.Ad-Hoc|ARM.Build.0 = Release|Any CPU
		{BCECDA57-45F4-4DBC-A618-89F13414F42B}.Ad-Hoc|ARM.Deploy.0 = Release|Any CPU
		{BCECDA57-45F4-4DBC-A618-89F13414F42B}.Ad-Hoc|iPhone.ActiveCfg = Release|Any CPU
		{BCECDA57-45F4-4DBC-A618-89F13414F42B}.Ad-Hoc|iPhone.Build.0 = Release|Any CPU
		{BCECDA57-45F4-4DBC-A618-89F13414F42B}.Ad-Hoc|iPhone.Deploy.0 = Release|Any CPU
		{BCECDA57-45F4-4DBC-A618-89F13414F42B}.Ad-Hoc|iPhoneSimulator.ActiveCfg = Release|Any CPU
		{BCECDA57-45F4-4DBC-A618-89F13414F42B}.Ad-Hoc|iPhoneSimulator.Build.0 = Release|Any CPU
		{BCECDA57-45F4-4DBC-A618-89F13414F42B}.Ad-Hoc|iPhoneSimulator.Deploy.0 = Release|Any CPU
		{BCECDA57-45F4-4DBC-A618-89F13414F42B}.Ad-Hoc|x64.ActiveCfg = Release|Any CPU
		{BCECDA57-45F4-4DBC-A618-89F13414F42B}.Ad-Hoc|x64.Build.0 = Release|Any CPU
		{BCECDA57-45F4-4DBC-A618-89F13414F42B}.Ad-Hoc|x64.Deploy.0 = Release|Any CPU
		{BCECDA57-45F4-4DBC-A618-89F13414F42B}.Ad-Hoc|x86.ActiveCfg = Release|Any CPU
		{BCECDA57-45F4-4DBC-A618-89F13414F42B}.Ad-Hoc|x86.Build.0 = Release|Any CPU
		{BCECDA57-45F4-4DBC-A618-89F13414F42B}.Ad-Hoc|x86.Deploy.0 = Release|Any CPU
		{BCECDA57-45F4-4DBC-A618-89F13414F42B}.AppStore|Any CPU.ActiveCfg = Release|Any CPU
		{BCECDA57-45F4-4DBC-A618-89F13414F42B}.AppStore|Any CPU.Build.0 = Release|Any CPU
		{BCECDA57-45F4-4DBC-A618-89F13414F42B}.AppStore|Any CPU.Deploy.0 = Release|Any CPU
		{BCECDA57-45F4-4DBC-A618-89F13414F42B}.AppStore|ARM.ActiveCfg = Release|Any CPU
		{BCECDA57-45F4-4DBC-A618-89F13414F42B}.AppStore|ARM.Build.0 = Release|Any CPU
		{BCECDA57-45F4-4DBC-A618-89F13414F42B}.AppStore|ARM.Deploy.0 = Release|Any CPU
		{BCECDA57-45F4-4DBC-A618-89F13414F42B}.AppStore|iPhone.ActiveCfg = Release|Any CPU
		{BCECDA57-45F4-4DBC-A618-89F13414F42B}.AppStore|iPhone.Build.0 = Release|Any CPU
		{BCECDA57-45F4-4DBC-A618-89F13414F42B}.AppStore|iPhone.Deploy.0 = Release|Any CPU
		{BCECDA57-45F4-4DBC-A618-89F13414F42B}.AppStore|iPhoneSimulator.ActiveCfg = Release|Any CPU
		{BCECDA57-45F4-4DBC-A618-89F13414F42B}.AppStore|iPhoneSimulator.Build.0 = Release|Any CPU
		{BCECDA57-45F4-4DBC-A618-89F13414F42B}.AppStore|iPhoneSimulator.Deploy.0 = Release|Any CPU
		{BCECDA57-45F4-4DBC-A618-89F13414F42B}.AppStore|x64.ActiveCfg = Release|Any CPU
		{BCECDA57-45F4-4DBC-A618-89F13414F42B}.AppStore|x64.Build.0 = Release|Any CPU
		{BCECDA57-45F4-4DBC-A618-89F13414F42B}.AppStore|x64.Deploy.0 = Release|Any CPU
		{BCECDA57-45F4-4DBC-A618-89F13414F42B}.AppStore|x86.ActiveCfg = Release|Any CPU
		{BCECDA57-45F4-4DBC-A618-89F13414F42B}.AppStore|x86.Build.0 = Release|Any CPU
		{BCECDA57-45F4-4DBC-A618-89F13414F42B}.AppStore|x86.Deploy.0 = Release|Any CPU
		{BCECDA57-45F4-4DBC-A618-89F13414F42B}.Debug|Any CPU.ActiveCfg = Debug|Any CPU
		{BCECDA57-45F4-4DBC-A618-89F13414F42B}.Debug|Any CPU.Build.0 = Debug|Any CPU
		{BCECDA57-45F4-4DBC-A618-89F13414F42B}.Debug|Any CPU.Deploy.0 = Debug|Any CPU
		{BCECDA57-45F4-4DBC-A618-89F13414F42B}.Debug|ARM.ActiveCfg = Debug|Any CPU
		{BCECDA57-45F4-4DBC-A618-89F13414F42B}.Debug|ARM.Build.0 = Debug|Any CPU
		{BCECDA57-45F4-4DBC-A618-89F13414F42B}.Debug|ARM.Deploy.0 = Debug|Any CPU
		{BCECDA57-45F4-4DBC-A618-89F13414F42B}.Debug|iPhone.ActiveCfg = Debug|Any CPU
		{BCECDA57-45F4-4DBC-A618-89F13414F42B}.Debug|iPhone.Build.0 = Debug|Any CPU
		{BCECDA57-45F4-4DBC-A618-89F13414F42B}.Debug|iPhone.Deploy.0 = Debug|Any CPU
		{BCECDA57-45F4-4DBC-A618-89F13414F42B}.Debug|iPhoneSimulator.ActiveCfg = Debug|Any CPU
		{BCECDA57-45F4-4DBC-A618-89F13414F42B}.Debug|iPhoneSimulator.Build.0 = Debug|Any CPU
		{BCECDA57-45F4-4DBC-A618-89F13414F42B}.Debug|iPhoneSimulator.Deploy.0 = Debug|Any CPU
		{BCECDA57-45F4-4DBC-A618-89F13414F42B}.Debug|x64.ActiveCfg = Debug|Any CPU
		{BCECDA57-45F4-4DBC-A618-89F13414F42B}.Debug|x64.Build.0 = Debug|Any CPU
		{BCECDA57-45F4-4DBC-A618-89F13414F42B}.Debug|x64.Deploy.0 = Debug|Any CPU
		{BCECDA57-45F4-4DBC-A618-89F13414F42B}.Debug|x86.ActiveCfg = Debug|Any CPU
		{BCECDA57-45F4-4DBC-A618-89F13414F42B}.Debug|x86.Build.0 = Debug|Any CPU
		{BCECDA57-45F4-4DBC-A618-89F13414F42B}.Debug|x86.Deploy.0 = Debug|Any CPU
		{BCECDA57-45F4-4DBC-A618-89F13414F42B}.Release|Any CPU.ActiveCfg = Release|Any CPU
		{BCECDA57-45F4-4DBC-A618-89F13414F42B}.Release|Any CPU.Build.0 = Release|Any CPU
		{BCECDA57-45F4-4DBC-A618-89F13414F42B}.Release|Any CPU.Deploy.0 = Release|Any CPU
		{BCECDA57-45F4-4DBC-A618-89F13414F42B}.Release|ARM.ActiveCfg = Release|Any CPU
		{BCECDA57-45F4-4DBC-A618-89F13414F42B}.Release|ARM.Build.0 = Release|Any CPU
		{BCECDA57-45F4-4DBC-A618-89F13414F42B}.Release|ARM.Deploy.0 = Release|Any CPU
		{BCECDA57-45F4-4DBC-A618-89F13414F42B}.Release|iPhone.ActiveCfg = Release|Any CPU
		{BCECDA57-45F4-4DBC-A618-89F13414F42B}.Release|iPhone.Build.0 = Release|Any CPU
		{BCECDA57-45F4-4DBC-A618-89F13414F42B}.Release|iPhone.Deploy.0 = Release|Any CPU
		{BCECDA57-45F4-4DBC-A618-89F13414F42B}.Release|iPhoneSimulator.ActiveCfg = Release|Any CPU
		{BCECDA57-45F4-4DBC-A618-89F13414F42B}.Release|iPhoneSimulator.Build.0 = Release|Any CPU
		{BCECDA57-45F4-4DBC-A618-89F13414F42B}.Release|iPhoneSimulator.Deploy.0 = Release|Any CPU
		{BCECDA57-45F4-4DBC-A618-89F13414F42B}.Release|x64.ActiveCfg = Release|Any CPU
		{BCECDA57-45F4-4DBC-A618-89F13414F42B}.Release|x64.Build.0 = Release|Any CPU
		{BCECDA57-45F4-4DBC-A618-89F13414F42B}.Release|x64.Deploy.0 = Release|Any CPU
		{BCECDA57-45F4-4DBC-A618-89F13414F42B}.Release|x86.ActiveCfg = Release|Any CPU
		{BCECDA57-45F4-4DBC-A618-89F13414F42B}.Release|x86.Build.0 = Release|Any CPU
		{BCECDA57-45F4-4DBC-A618-89F13414F42B}.Release|x86.Deploy.0 = Release|Any CPU
		{5EB8800A-1C98-4839-80C6-5D763D4D4A7D}.Ad-Hoc|Any CPU.ActiveCfg = Ad-Hoc|iPhone
		{5EB8800A-1C98-4839-80C6-5D763D4D4A7D}.Ad-Hoc|ARM.ActiveCfg = Ad-Hoc|iPhone
		{5EB8800A-1C98-4839-80C6-5D763D4D4A7D}.Ad-Hoc|iPhone.ActiveCfg = Ad-Hoc|iPhone
		{5EB8800A-1C98-4839-80C6-5D763D4D4A7D}.Ad-Hoc|iPhone.Build.0 = Ad-Hoc|iPhone
		{5EB8800A-1C98-4839-80C6-5D763D4D4A7D}.Ad-Hoc|iPhoneSimulator.ActiveCfg = Ad-Hoc|iPhoneSimulator
		{5EB8800A-1C98-4839-80C6-5D763D4D4A7D}.Ad-Hoc|iPhoneSimulator.Build.0 = Ad-Hoc|iPhoneSimulator
		{5EB8800A-1C98-4839-80C6-5D763D4D4A7D}.Ad-Hoc|x64.ActiveCfg = Ad-Hoc|iPhone
		{5EB8800A-1C98-4839-80C6-5D763D4D4A7D}.Ad-Hoc|x86.ActiveCfg = Ad-Hoc|iPhone
		{5EB8800A-1C98-4839-80C6-5D763D4D4A7D}.AppStore|Any CPU.ActiveCfg = AppStore|iPhone
		{5EB8800A-1C98-4839-80C6-5D763D4D4A7D}.AppStore|ARM.ActiveCfg = AppStore|iPhone
		{5EB8800A-1C98-4839-80C6-5D763D4D4A7D}.AppStore|iPhone.ActiveCfg = AppStore|iPhone
		{5EB8800A-1C98-4839-80C6-5D763D4D4A7D}.AppStore|iPhone.Build.0 = AppStore|iPhone
		{5EB8800A-1C98-4839-80C6-5D763D4D4A7D}.AppStore|iPhoneSimulator.ActiveCfg = AppStore|iPhoneSimulator
		{5EB8800A-1C98-4839-80C6-5D763D4D4A7D}.AppStore|iPhoneSimulator.Build.0 = AppStore|iPhoneSimulator
		{5EB8800A-1C98-4839-80C6-5D763D4D4A7D}.AppStore|x64.ActiveCfg = AppStore|iPhone
		{5EB8800A-1C98-4839-80C6-5D763D4D4A7D}.AppStore|x86.ActiveCfg = AppStore|iPhone
		{5EB8800A-1C98-4839-80C6-5D763D4D4A7D}.Debug|Any CPU.ActiveCfg = Debug|iPhone
		{5EB8800A-1C98-4839-80C6-5D763D4D4A7D}.Debug|ARM.ActiveCfg = Debug|iPhone
		{5EB8800A-1C98-4839-80C6-5D763D4D4A7D}.Debug|iPhone.ActiveCfg = Debug|iPhone
		{5EB8800A-1C98-4839-80C6-5D763D4D4A7D}.Debug|iPhone.Build.0 = Debug|iPhone
		{5EB8800A-1C98-4839-80C6-5D763D4D4A7D}.Debug|iPhoneSimulator.ActiveCfg = Debug|iPhoneSimulator
		{5EB8800A-1C98-4839-80C6-5D763D4D4A7D}.Debug|iPhoneSimulator.Build.0 = Debug|iPhoneSimulator
		{5EB8800A-1C98-4839-80C6-5D763D4D4A7D}.Debug|x64.ActiveCfg = Debug|iPhone
		{5EB8800A-1C98-4839-80C6-5D763D4D4A7D}.Debug|x86.ActiveCfg = Debug|iPhone
		{5EB8800A-1C98-4839-80C6-5D763D4D4A7D}.Release|Any CPU.ActiveCfg = Release|iPhone
		{5EB8800A-1C98-4839-80C6-5D763D4D4A7D}.Release|ARM.ActiveCfg = Release|iPhone
		{5EB8800A-1C98-4839-80C6-5D763D4D4A7D}.Release|iPhone.ActiveCfg = Release|iPhone
		{5EB8800A-1C98-4839-80C6-5D763D4D4A7D}.Release|iPhone.Build.0 = Release|iPhone
		{5EB8800A-1C98-4839-80C6-5D763D4D4A7D}.Release|iPhoneSimulator.ActiveCfg = Release|iPhoneSimulator
		{5EB8800A-1C98-4839-80C6-5D763D4D4A7D}.Release|iPhoneSimulator.Build.0 = Release|iPhoneSimulator
		{5EB8800A-1C98-4839-80C6-5D763D4D4A7D}.Release|x64.ActiveCfg = Release|iPhone
		{5EB8800A-1C98-4839-80C6-5D763D4D4A7D}.Release|x86.ActiveCfg = Release|iPhone
		{24E7B8F3-B10E-4449-A6E4-E0B2FEC40418}.Ad-Hoc|Any CPU.ActiveCfg = Release|Any CPU
		{24E7B8F3-B10E-4449-A6E4-E0B2FEC40418}.Ad-Hoc|Any CPU.Build.0 = Release|Any CPU
		{24E7B8F3-B10E-4449-A6E4-E0B2FEC40418}.Ad-Hoc|Any CPU.Deploy.0 = Release|Any CPU
		{24E7B8F3-B10E-4449-A6E4-E0B2FEC40418}.Ad-Hoc|ARM.ActiveCfg = Release|ARM
		{24E7B8F3-B10E-4449-A6E4-E0B2FEC40418}.Ad-Hoc|ARM.Build.0 = Release|ARM
		{24E7B8F3-B10E-4449-A6E4-E0B2FEC40418}.Ad-Hoc|ARM.Deploy.0 = Release|ARM
		{24E7B8F3-B10E-4449-A6E4-E0B2FEC40418}.Ad-Hoc|iPhone.ActiveCfg = Release|Any CPU
		{24E7B8F3-B10E-4449-A6E4-E0B2FEC40418}.Ad-Hoc|iPhone.Build.0 = Release|Any CPU
		{24E7B8F3-B10E-4449-A6E4-E0B2FEC40418}.Ad-Hoc|iPhone.Deploy.0 = Release|Any CPU
		{24E7B8F3-B10E-4449-A6E4-E0B2FEC40418}.Ad-Hoc|iPhoneSimulator.ActiveCfg = Release|Any CPU
		{24E7B8F3-B10E-4449-A6E4-E0B2FEC40418}.Ad-Hoc|iPhoneSimulator.Build.0 = Release|Any CPU
		{24E7B8F3-B10E-4449-A6E4-E0B2FEC40418}.Ad-Hoc|iPhoneSimulator.Deploy.0 = Release|Any CPU
		{24E7B8F3-B10E-4449-A6E4-E0B2FEC40418}.Ad-Hoc|x64.ActiveCfg = Release|Any CPU
		{24E7B8F3-B10E-4449-A6E4-E0B2FEC40418}.Ad-Hoc|x64.Build.0 = Release|Any CPU
		{24E7B8F3-B10E-4449-A6E4-E0B2FEC40418}.Ad-Hoc|x64.Deploy.0 = Release|Any CPU
		{24E7B8F3-B10E-4449-A6E4-E0B2FEC40418}.Ad-Hoc|x86.ActiveCfg = Release|x86
		{24E7B8F3-B10E-4449-A6E4-E0B2FEC40418}.Ad-Hoc|x86.Build.0 = Release|x86
		{24E7B8F3-B10E-4449-A6E4-E0B2FEC40418}.Ad-Hoc|x86.Deploy.0 = Release|x86
		{24E7B8F3-B10E-4449-A6E4-E0B2FEC40418}.AppStore|Any CPU.ActiveCfg = Release|Any CPU
		{24E7B8F3-B10E-4449-A6E4-E0B2FEC40418}.AppStore|Any CPU.Build.0 = Release|Any CPU
		{24E7B8F3-B10E-4449-A6E4-E0B2FEC40418}.AppStore|Any CPU.Deploy.0 = Release|Any CPU
		{24E7B8F3-B10E-4449-A6E4-E0B2FEC40418}.AppStore|ARM.ActiveCfg = Release|ARM
		{24E7B8F3-B10E-4449-A6E4-E0B2FEC40418}.AppStore|ARM.Build.0 = Release|ARM
		{24E7B8F3-B10E-4449-A6E4-E0B2FEC40418}.AppStore|ARM.Deploy.0 = Release|ARM
		{24E7B8F3-B10E-4449-A6E4-E0B2FEC40418}.AppStore|iPhone.ActiveCfg = Release|Any CPU
		{24E7B8F3-B10E-4449-A6E4-E0B2FEC40418}.AppStore|iPhone.Build.0 = Release|Any CPU
		{24E7B8F3-B10E-4449-A6E4-E0B2FEC40418}.AppStore|iPhone.Deploy.0 = Release|Any CPU
		{24E7B8F3-B10E-4449-A6E4-E0B2FEC40418}.AppStore|iPhoneSimulator.ActiveCfg = Release|Any CPU
		{24E7B8F3-B10E-4449-A6E4-E0B2FEC40418}.AppStore|iPhoneSimulator.Build.0 = Release|Any CPU
		{24E7B8F3-B10E-4449-A6E4-E0B2FEC40418}.AppStore|iPhoneSimulator.Deploy.0 = Release|Any CPU
		{24E7B8F3-B10E-4449-A6E4-E0B2FEC40418}.AppStore|x64.ActiveCfg = Release|Any CPU
		{24E7B8F3-B10E-4449-A6E4-E0B2FEC40418}.AppStore|x64.Build.0 = Release|Any CPU
		{24E7B8F3-B10E-4449-A6E4-E0B2FEC40418}.AppStore|x64.Deploy.0 = Release|Any CPU
		{24E7B8F3-B10E-4449-A6E4-E0B2FEC40418}.AppStore|x86.ActiveCfg = Release|x86
		{24E7B8F3-B10E-4449-A6E4-E0B2FEC40418}.AppStore|x86.Build.0 = Release|x86
		{24E7B8F3-B10E-4449-A6E4-E0B2FEC40418}.AppStore|x86.Deploy.0 = Release|x86
		{24E7B8F3-B10E-4449-A6E4-E0B2FEC40418}.Debug|Any CPU.ActiveCfg = Debug|Any CPU
		{24E7B8F3-B10E-4449-A6E4-E0B2FEC40418}.Debug|Any CPU.Build.0 = Debug|Any CPU
		{24E7B8F3-B10E-4449-A6E4-E0B2FEC40418}.Debug|Any CPU.Deploy.0 = Debug|Any CPU
		{24E7B8F3-B10E-4449-A6E4-E0B2FEC40418}.Debug|ARM.ActiveCfg = Debug|ARM
		{24E7B8F3-B10E-4449-A6E4-E0B2FEC40418}.Debug|ARM.Build.0 = Debug|ARM
		{24E7B8F3-B10E-4449-A6E4-E0B2FEC40418}.Debug|ARM.Deploy.0 = Debug|ARM
		{24E7B8F3-B10E-4449-A6E4-E0B2FEC40418}.Debug|iPhone.ActiveCfg = Debug|Any CPU
		{24E7B8F3-B10E-4449-A6E4-E0B2FEC40418}.Debug|iPhone.Build.0 = Debug|Any CPU
		{24E7B8F3-B10E-4449-A6E4-E0B2FEC40418}.Debug|iPhone.Deploy.0 = Debug|Any CPU
		{24E7B8F3-B10E-4449-A6E4-E0B2FEC40418}.Debug|iPhoneSimulator.ActiveCfg = Debug|Any CPU
		{24E7B8F3-B10E-4449-A6E4-E0B2FEC40418}.Debug|iPhoneSimulator.Build.0 = Debug|Any CPU
		{24E7B8F3-B10E-4449-A6E4-E0B2FEC40418}.Debug|iPhoneSimulator.Deploy.0 = Debug|Any CPU
		{24E7B8F3-B10E-4449-A6E4-E0B2FEC40418}.Debug|x64.ActiveCfg = Debug|Any CPU
		{24E7B8F3-B10E-4449-A6E4-E0B2FEC40418}.Debug|x64.Build.0 = Debug|Any CPU
		{24E7B8F3-B10E-4449-A6E4-E0B2FEC40418}.Debug|x64.Deploy.0 = Debug|Any CPU
		{24E7B8F3-B10E-4449-A6E4-E0B2FEC40418}.Debug|x86.ActiveCfg = Debug|x86
		{24E7B8F3-B10E-4449-A6E4-E0B2FEC40418}.Debug|x86.Build.0 = Debug|x86
		{24E7B8F3-B10E-4449-A6E4-E0B2FEC40418}.Debug|x86.Deploy.0 = Debug|x86
		{24E7B8F3-B10E-4449-A6E4-E0B2FEC40418}.Release|Any CPU.ActiveCfg = Release|Any CPU
		{24E7B8F3-B10E-4449-A6E4-E0B2FEC40418}.Release|Any CPU.Build.0 = Release|Any CPU
		{24E7B8F3-B10E-4449-A6E4-E0B2FEC40418}.Release|Any CPU.Deploy.0 = Release|Any CPU
		{24E7B8F3-B10E-4449-A6E4-E0B2FEC40418}.Release|ARM.ActiveCfg = Release|ARM
		{24E7B8F3-B10E-4449-A6E4-E0B2FEC40418}.Release|ARM.Build.0 = Release|ARM
		{24E7B8F3-B10E-4449-A6E4-E0B2FEC40418}.Release|ARM.Deploy.0 = Release|ARM
		{24E7B8F3-B10E-4449-A6E4-E0B2FEC40418}.Release|iPhone.ActiveCfg = Release|Any CPU
		{24E7B8F3-B10E-4449-A6E4-E0B2FEC40418}.Release|iPhone.Build.0 = Release|Any CPU
		{24E7B8F3-B10E-4449-A6E4-E0B2FEC40418}.Release|iPhone.Deploy.0 = Release|Any CPU
		{24E7B8F3-B10E-4449-A6E4-E0B2FEC40418}.Release|iPhoneSimulator.ActiveCfg = Release|Any CPU
		{24E7B8F3-B10E-4449-A6E4-E0B2FEC40418}.Release|iPhoneSimulator.Build.0 = Release|Any CPU
		{24E7B8F3-B10E-4449-A6E4-E0B2FEC40418}.Release|iPhoneSimulator.Deploy.0 = Release|Any CPU
		{24E7B8F3-B10E-4449-A6E4-E0B2FEC40418}.Release|x64.ActiveCfg = Release|Any CPU
		{24E7B8F3-B10E-4449-A6E4-E0B2FEC40418}.Release|x64.Build.0 = Release|Any CPU
		{24E7B8F3-B10E-4449-A6E4-E0B2FEC40418}.Release|x64.Deploy.0 = Release|Any CPU
		{24E7B8F3-B10E-4449-A6E4-E0B2FEC40418}.Release|x86.ActiveCfg = Release|x86
		{24E7B8F3-B10E-4449-A6E4-E0B2FEC40418}.Release|x86.Build.0 = Release|x86
		{24E7B8F3-B10E-4449-A6E4-E0B2FEC40418}.Release|x86.Deploy.0 = Release|x86
		{88964F5E-3734-4879-82C7-A7A28A9E9256}.Ad-Hoc|Any CPU.ActiveCfg = Release|x86
		{88964F5E-3734-4879-82C7-A7A28A9E9256}.Ad-Hoc|Any CPU.Build.0 = Release|x86
		{88964F5E-3734-4879-82C7-A7A28A9E9256}.Ad-Hoc|Any CPU.Deploy.0 = Release|x86
		{88964F5E-3734-4879-82C7-A7A28A9E9256}.Ad-Hoc|ARM.ActiveCfg = Release|ARM
		{88964F5E-3734-4879-82C7-A7A28A9E9256}.Ad-Hoc|ARM.Build.0 = Release|ARM
		{88964F5E-3734-4879-82C7-A7A28A9E9256}.Ad-Hoc|ARM.Deploy.0 = Release|ARM
		{88964F5E-3734-4879-82C7-A7A28A9E9256}.Ad-Hoc|iPhone.ActiveCfg = Release|x86
		{88964F5E-3734-4879-82C7-A7A28A9E9256}.Ad-Hoc|iPhone.Build.0 = Release|x86
		{88964F5E-3734-4879-82C7-A7A28A9E9256}.Ad-Hoc|iPhone.Deploy.0 = Release|x86
		{88964F5E-3734-4879-82C7-A7A28A9E9256}.Ad-Hoc|iPhoneSimulator.ActiveCfg = Release|x86
		{88964F5E-3734-4879-82C7-A7A28A9E9256}.Ad-Hoc|iPhoneSimulator.Build.0 = Release|x86
		{88964F5E-3734-4879-82C7-A7A28A9E9256}.Ad-Hoc|iPhoneSimulator.Deploy.0 = Release|x86
		{88964F5E-3734-4879-82C7-A7A28A9E9256}.Ad-Hoc|x64.ActiveCfg = Release|x64
		{88964F5E-3734-4879-82C7-A7A28A9E9256}.Ad-Hoc|x64.Build.0 = Release|x64
		{88964F5E-3734-4879-82C7-A7A28A9E9256}.Ad-Hoc|x64.Deploy.0 = Release|x64
		{88964F5E-3734-4879-82C7-A7A28A9E9256}.Ad-Hoc|x86.ActiveCfg = Release|x86
		{88964F5E-3734-4879-82C7-A7A28A9E9256}.Ad-Hoc|x86.Build.0 = Release|x86
		{88964F5E-3734-4879-82C7-A7A28A9E9256}.Ad-Hoc|x86.Deploy.0 = Release|x86
		{88964F5E-3734-4879-82C7-A7A28A9E9256}.AppStore|Any CPU.ActiveCfg = Release|x86
		{88964F5E-3734-4879-82C7-A7A28A9E9256}.AppStore|Any CPU.Build.0 = Release|x86
		{88964F5E-3734-4879-82C7-A7A28A9E9256}.AppStore|Any CPU.Deploy.0 = Release|x86
		{88964F5E-3734-4879-82C7-A7A28A9E9256}.AppStore|ARM.ActiveCfg = Release|ARM
		{88964F5E-3734-4879-82C7-A7A28A9E9256}.AppStore|ARM.Build.0 = Release|ARM
		{88964F5E-3734-4879-82C7-A7A28A9E9256}.AppStore|ARM.Deploy.0 = Release|ARM
		{88964F5E-3734-4879-82C7-A7A28A9E9256}.AppStore|iPhone.ActiveCfg = Release|x86
		{88964F5E-3734-4879-82C7-A7A28A9E9256}.AppStore|iPhone.Build.0 = Release|x86
		{88964F5E-3734-4879-82C7-A7A28A9E9256}.AppStore|iPhone.Deploy.0 = Release|x86
		{88964F5E-3734-4879-82C7-A7A28A9E9256}.AppStore|iPhoneSimulator.ActiveCfg = Release|x86
		{88964F5E-3734-4879-82C7-A7A28A9E9256}.AppStore|iPhoneSimulator.Build.0 = Release|x86
		{88964F5E-3734-4879-82C7-A7A28A9E9256}.AppStore|iPhoneSimulator.Deploy.0 = Release|x86
		{88964F5E-3734-4879-82C7-A7A28A9E9256}.AppStore|x64.ActiveCfg = Release|x64
		{88964F5E-3734-4879-82C7-A7A28A9E9256}.AppStore|x64.Build.0 = Release|x64
		{88964F5E-3734-4879-82C7-A7A28A9E9256}.AppStore|x64.Deploy.0 = Release|x64
		{88964F5E-3734-4879-82C7-A7A28A9E9256}.AppStore|x86.ActiveCfg = Release|x86
		{88964F5E-3734-4879-82C7-A7A28A9E9256}.AppStore|x86.Build.0 = Release|x86
		{88964F5E-3734-4879-82C7-A7A28A9E9256}.AppStore|x86.Deploy.0 = Release|x86
		{88964F5E-3734-4879-82C7-A7A28A9E9256}.Debug|Any CPU.ActiveCfg = Debug|x86
		{88964F5E-3734-4879-82C7-A7A28A9E9256}.Debug|ARM.ActiveCfg = Debug|ARM
		{88964F5E-3734-4879-82C7-A7A28A9E9256}.Debug|ARM.Build.0 = Debug|ARM
		{88964F5E-3734-4879-82C7-A7A28A9E9256}.Debug|ARM.Deploy.0 = Debug|ARM
		{88964F5E-3734-4879-82C7-A7A28A9E9256}.Debug|iPhone.ActiveCfg = Debug|x86
		{88964F5E-3734-4879-82C7-A7A28A9E9256}.Debug|iPhoneSimulator.ActiveCfg = Debug|x86
		{88964F5E-3734-4879-82C7-A7A28A9E9256}.Debug|x64.ActiveCfg = Debug|x64
		{88964F5E-3734-4879-82C7-A7A28A9E9256}.Debug|x64.Build.0 = Debug|x64
		{88964F5E-3734-4879-82C7-A7A28A9E9256}.Debug|x64.Deploy.0 = Debug|x64
		{88964F5E-3734-4879-82C7-A7A28A9E9256}.Debug|x86.ActiveCfg = Debug|x86
		{88964F5E-3734-4879-82C7-A7A28A9E9256}.Debug|x86.Build.0 = Debug|x86
		{88964F5E-3734-4879-82C7-A7A28A9E9256}.Debug|x86.Deploy.0 = Debug|x86
		{88964F5E-3734-4879-82C7-A7A28A9E9256}.Release|Any CPU.ActiveCfg = Release|x86
		{88964F5E-3734-4879-82C7-A7A28A9E9256}.Release|ARM.ActiveCfg = Release|ARM
		{88964F5E-3734-4879-82C7-A7A28A9E9256}.Release|ARM.Build.0 = Release|ARM
		{88964F5E-3734-4879-82C7-A7A28A9E9256}.Release|ARM.Deploy.0 = Release|ARM
		{88964F5E-3734-4879-82C7-A7A28A9E9256}.Release|iPhone.ActiveCfg = Release|x86
		{88964F5E-3734-4879-82C7-A7A28A9E9256}.Release|iPhoneSimulator.ActiveCfg = Release|x86
		{88964F5E-3734-4879-82C7-A7A28A9E9256}.Release|x64.ActiveCfg = Release|x64
		{88964F5E-3734-4879-82C7-A7A28A9E9256}.Release|x64.Build.0 = Release|x64
		{88964F5E-3734-4879-82C7-A7A28A9E9256}.Release|x64.Deploy.0 = Release|x64
		{88964F5E-3734-4879-82C7-A7A28A9E9256}.Release|x86.ActiveCfg = Release|x86
		{88964F5E-3734-4879-82C7-A7A28A9E9256}.Release|x86.Build.0 = Release|x86
		{88964F5E-3734-4879-82C7-A7A28A9E9256}.Release|x86.Deploy.0 = Release|x86
		{B569A170-ECC5-420F-85D8-F6039285FCA8}.Ad-Hoc|Any CPU.ActiveCfg = Release|Any CPU
		{B569A170-ECC5-420F-85D8-F6039285FCA8}.Ad-Hoc|Any CPU.Build.0 = Release|Any CPU
		{B569A170-ECC5-420F-85D8-F6039285FCA8}.Ad-Hoc|Any CPU.Deploy.0 = Release|Any CPU
		{B569A170-ECC5-420F-85D8-F6039285FCA8}.Ad-Hoc|ARM.ActiveCfg = Release|ARM
		{B569A170-ECC5-420F-85D8-F6039285FCA8}.Ad-Hoc|ARM.Build.0 = Release|ARM
		{B569A170-ECC5-420F-85D8-F6039285FCA8}.Ad-Hoc|ARM.Deploy.0 = Release|ARM
		{B569A170-ECC5-420F-85D8-F6039285FCA8}.Ad-Hoc|iPhone.ActiveCfg = Release|Any CPU
		{B569A170-ECC5-420F-85D8-F6039285FCA8}.Ad-Hoc|iPhone.Build.0 = Release|Any CPU
		{B569A170-ECC5-420F-85D8-F6039285FCA8}.Ad-Hoc|iPhone.Deploy.0 = Release|Any CPU
		{B569A170-ECC5-420F-85D8-F6039285FCA8}.Ad-Hoc|iPhoneSimulator.ActiveCfg = Release|Any CPU
		{B569A170-ECC5-420F-85D8-F6039285FCA8}.Ad-Hoc|iPhoneSimulator.Build.0 = Release|Any CPU
		{B569A170-ECC5-420F-85D8-F6039285FCA8}.Ad-Hoc|iPhoneSimulator.Deploy.0 = Release|Any CPU
		{B569A170-ECC5-420F-85D8-F6039285FCA8}.Ad-Hoc|x64.ActiveCfg = Release|x64
		{B569A170-ECC5-420F-85D8-F6039285FCA8}.Ad-Hoc|x64.Build.0 = Release|x64
		{B569A170-ECC5-420F-85D8-F6039285FCA8}.Ad-Hoc|x64.Deploy.0 = Release|x64
		{B569A170-ECC5-420F-85D8-F6039285FCA8}.Ad-Hoc|x86.ActiveCfg = Release|x86
		{B569A170-ECC5-420F-85D8-F6039285FCA8}.Ad-Hoc|x86.Build.0 = Release|x86
		{B569A170-ECC5-420F-85D8-F6039285FCA8}.Ad-Hoc|x86.Deploy.0 = Release|x86
		{B569A170-ECC5-420F-85D8-F6039285FCA8}.AppStore|Any CPU.ActiveCfg = Release|Any CPU
		{B569A170-ECC5-420F-85D8-F6039285FCA8}.AppStore|Any CPU.Build.0 = Release|Any CPU
		{B569A170-ECC5-420F-85D8-F6039285FCA8}.AppStore|Any CPU.Deploy.0 = Release|Any CPU
		{B569A170-ECC5-420F-85D8-F6039285FCA8}.AppStore|ARM.ActiveCfg = Release|ARM
		{B569A170-ECC5-420F-85D8-F6039285FCA8}.AppStore|ARM.Build.0 = Release|ARM
		{B569A170-ECC5-420F-85D8-F6039285FCA8}.AppStore|ARM.Deploy.0 = Release|ARM
		{B569A170-ECC5-420F-85D8-F6039285FCA8}.AppStore|iPhone.ActiveCfg = Release|Any CPU
		{B569A170-ECC5-420F-85D8-F6039285FCA8}.AppStore|iPhone.Build.0 = Release|Any CPU
		{B569A170-ECC5-420F-85D8-F6039285FCA8}.AppStore|iPhone.Deploy.0 = Release|Any CPU
		{B569A170-ECC5-420F-85D8-F6039285FCA8}.AppStore|iPhoneSimulator.ActiveCfg = Release|Any CPU
		{B569A170-ECC5-420F-85D8-F6039285FCA8}.AppStore|iPhoneSimulator.Build.0 = Release|Any CPU
		{B569A170-ECC5-420F-85D8-F6039285FCA8}.AppStore|iPhoneSimulator.Deploy.0 = Release|Any CPU
		{B569A170-ECC5-420F-85D8-F6039285FCA8}.AppStore|x64.ActiveCfg = Release|x64
		{B569A170-ECC5-420F-85D8-F6039285FCA8}.AppStore|x64.Build.0 = Release|x64
		{B569A170-ECC5-420F-85D8-F6039285FCA8}.AppStore|x64.Deploy.0 = Release|x64
		{B569A170-ECC5-420F-85D8-F6039285FCA8}.AppStore|x86.ActiveCfg = Release|x86
		{B569A170-ECC5-420F-85D8-F6039285FCA8}.AppStore|x86.Build.0 = Release|x86
		{B569A170-ECC5-420F-85D8-F6039285FCA8}.AppStore|x86.Deploy.0 = Release|x86
		{B569A170-ECC5-420F-85D8-F6039285FCA8}.Debug|Any CPU.ActiveCfg = Debug|Any CPU
		{B569A170-ECC5-420F-85D8-F6039285FCA8}.Debug|Any CPU.Build.0 = Debug|Any CPU
		{B569A170-ECC5-420F-85D8-F6039285FCA8}.Debug|Any CPU.Deploy.0 = Debug|Any CPU
		{B569A170-ECC5-420F-85D8-F6039285FCA8}.Debug|ARM.ActiveCfg = Debug|ARM
		{B569A170-ECC5-420F-85D8-F6039285FCA8}.Debug|ARM.Build.0 = Debug|ARM
		{B569A170-ECC5-420F-85D8-F6039285FCA8}.Debug|ARM.Deploy.0 = Debug|ARM
		{B569A170-ECC5-420F-85D8-F6039285FCA8}.Debug|iPhone.ActiveCfg = Debug|Any CPU
		{B569A170-ECC5-420F-85D8-F6039285FCA8}.Debug|iPhone.Build.0 = Debug|Any CPU
		{B569A170-ECC5-420F-85D8-F6039285FCA8}.Debug|iPhone.Deploy.0 = Debug|Any CPU
		{B569A170-ECC5-420F-85D8-F6039285FCA8}.Debug|iPhoneSimulator.ActiveCfg = Debug|Any CPU
		{B569A170-ECC5-420F-85D8-F6039285FCA8}.Debug|iPhoneSimulator.Build.0 = Debug|Any CPU
		{B569A170-ECC5-420F-85D8-F6039285FCA8}.Debug|iPhoneSimulator.Deploy.0 = Debug|Any CPU
		{B569A170-ECC5-420F-85D8-F6039285FCA8}.Debug|x64.ActiveCfg = Debug|x64
		{B569A170-ECC5-420F-85D8-F6039285FCA8}.Debug|x64.Build.0 = Debug|x64
		{B569A170-ECC5-420F-85D8-F6039285FCA8}.Debug|x64.Deploy.0 = Debug|x64
		{B569A170-ECC5-420F-85D8-F6039285FCA8}.Debug|x86.ActiveCfg = Debug|x86
		{B569A170-ECC5-420F-85D8-F6039285FCA8}.Debug|x86.Build.0 = Debug|x86
		{B569A170-ECC5-420F-85D8-F6039285FCA8}.Debug|x86.Deploy.0 = Debug|x86
		{B569A170-ECC5-420F-85D8-F6039285FCA8}.Release|Any CPU.ActiveCfg = Release|Any CPU
		{B569A170-ECC5-420F-85D8-F6039285FCA8}.Release|Any CPU.Build.0 = Release|Any CPU
		{B569A170-ECC5-420F-85D8-F6039285FCA8}.Release|Any CPU.Deploy.0 = Release|Any CPU
		{B569A170-ECC5-420F-85D8-F6039285FCA8}.Release|ARM.ActiveCfg = Release|ARM
		{B569A170-ECC5-420F-85D8-F6039285FCA8}.Release|ARM.Build.0 = Release|ARM
		{B569A170-ECC5-420F-85D8-F6039285FCA8}.Release|ARM.Deploy.0 = Release|ARM
		{B569A170-ECC5-420F-85D8-F6039285FCA8}.Release|iPhone.ActiveCfg = Release|Any CPU
		{B569A170-ECC5-420F-85D8-F6039285FCA8}.Release|iPhone.Build.0 = Release|Any CPU
		{B569A170-ECC5-420F-85D8-F6039285FCA8}.Release|iPhone.Deploy.0 = Release|Any CPU
		{B569A170-ECC5-420F-85D8-F6039285FCA8}.Release|iPhoneSimulator.ActiveCfg = Release|Any CPU
		{B569A170-ECC5-420F-85D8-F6039285FCA8}.Release|iPhoneSimulator.Build.0 = Release|Any CPU
		{B569A170-ECC5-420F-85D8-F6039285FCA8}.Release|iPhoneSimulator.Deploy.0 = Release|Any CPU
		{B569A170-ECC5-420F-85D8-F6039285FCA8}.Release|x64.ActiveCfg = Release|x64
		{B569A170-ECC5-420F-85D8-F6039285FCA8}.Release|x64.Build.0 = Release|x64
		{B569A170-ECC5-420F-85D8-F6039285FCA8}.Release|x64.Deploy.0 = Release|x64
		{B569A170-ECC5-420F-85D8-F6039285FCA8}.Release|x86.ActiveCfg = Release|x86
		{B569A170-ECC5-420F-85D8-F6039285FCA8}.Release|x86.Build.0 = Release|x86
		{B569A170-ECC5-420F-85D8-F6039285FCA8}.Release|x86.Deploy.0 = Release|x86
	EndGlobalSection
	GlobalSection(SolutionProperties) = preSolution
		HideSolutionNode = FALSE
	EndGlobalSection
EndGlobal
